<?xml version="1.0" encoding="UTF-8" standalone="yes" ?>
<CodeBlocks_project_file>
	<FileVersion major="1" minor="6" />
	<Project>
		<Option title="SIAI Map Library" />
		<Option pch_mode="2" />
		<Option compiler="gcc" />
		<Build>
			<Target title="Debug">
				<Option output="lib/siaimap_d" prefix_auto="1" extension_auto="1" />
				<Option object_output="obj/Debug/" />
				<Option type="3" />
				<Option compiler="gcc" />
				<Option createDefFile="1" />
				<Option createStaticLib="1" />
				<Compiler>
					<Add option="-Wall" />
					<Add option="-g" />
					<Add option="-DBUILD_DLL" />
					<Add directory="C:/Program Files/wxWidgets/lib/gcc_dll/mswud" />
				</Compiler>
				<Linker>
					<Add option="-lwxbase30ud -lwxmsw30ud_core" />
					<Add library="user32" />
				</Linker>
			</Target>
			<Target title="Release">
				<Option output="lib/siaimap" prefix_auto="1" extension_auto="1" />
				<Option object_output="obj/Release/" />
				<Option type="3" />
				<Option compiler="gcc" />
				<Option host_application="bin/Release/map-editor.exe" />
				<Option run_host_application_in_terminal="0" />
				<Option createDefFile="1" />
				<Option createStaticLib="1" />
				<Compiler>
					<Add option="-O2" />
					<Add option="-Wall" />
					<Add option="-DBUILD_DLL" />
					<Add directory="C:/Program Files/wxWidgets/lib/gcc_dll/mswu" />
				</Compiler>
				<Linker>
					<Add option="-s" />
					<Add option="-lwxbase30u -lwxmsw30u_core" />
					<Add library="user32" />
				</Linker>
			</Target>
		</Build>
		<Compiler>
			<Add option="-std=c++14" />
			<Add option="-Wno-deprecated-declarations" />
			<Add directory="include/siai" />
			<Add directory="C:/Program Files/wxWidgets/include" />
		</Compiler>
		<Linker>
			<Add directory="C:/Program Files/wxWidgets/lib/gcc_dll" />
		</Linker>
		<Unit filename="include/siai/globals.hpp" />
		<Unit filename="include/siai/map/cellimp.hpp" />
		<Unit filename="include/siai/map/mapentity.hpp" />
		<Unit filename="include/siai/map/painter.hpp" />
		<Unit filename="include/siai/map/siaimapimp.hpp" />
		<Unit filename="include/siai/siaimap.hpp" />
		<Unit filename="src/siai/map/cellimp.cpp" />
		<Unit filename="src/siai/map/mapentity.cpp" />
		<Unit filename="src/siai/map/painter.cpp" />
		<Unit filename="src/siai/map/siaimapimp.cpp" />
		<Unit filename="src/siai/siaimap.cpp" />
		<Extensions>
			<code_completion />
			<envvars />
			<debugger />
		</Extensions>
	</Project>
</CodeBlocks_project_file>
